// !$*UTF8*$!
{
	archiveVersion = 1;
	classes = {
	};
	objectVersion = 56;
	objects = {

/* Begin PBXBuildFile section */
		001A66E82B99F0EE006C9425 /* MentorMatchApp.swift in Sources */ = {isa = PBXBuildFile; fileRef = 001A66E72B99F0EE006C9425 /* MentorMatchApp.swift */; };
		001A66EA2B99F0EE006C9425 /* WelcomeView.swift in Sources */ = {isa = PBXBuildFile; fileRef = 001A66E92B99F0EE006C9425 /* WelcomeView.swift */; };
		001A66EC2B99F0EF006C9425 /* Assets.xcassets in Resources */ = {isa = PBXBuildFile; fileRef = 001A66EB2B99F0EF006C9425 /* Assets.xcassets */; };
		001A66EF2B99F0EF006C9425 /* Preview Assets.xcassets in Resources */ = {isa = PBXBuildFile; fileRef = 001A66EE2B99F0EF006C9425 /* Preview Assets.xcassets */; };
		001A66F92B99F0EF006C9425 /* MentorMatchTests.swift in Sources */ = {isa = PBXBuildFile; fileRef = 001A66F82B99F0EF006C9425 /* MentorMatchTests.swift */; };
		001A67032B99F0EF006C9425 /* MentorMatchUITests.swift in Sources */ = {isa = PBXBuildFile; fileRef = 001A67022B99F0EF006C9425 /* MentorMatchUITests.swift */; };
		001A67052B99F0EF006C9425 /* MentorMatchUITestsLaunchTests.swift in Sources */ = {isa = PBXBuildFile; fileRef = 001A67042B99F0EF006C9425 /* MentorMatchUITestsLaunchTests.swift */; };
		001A671F2B9B9BA9006C9425 /* LoginView.swift in Sources */ = {isa = PBXBuildFile; fileRef = 001A671E2B9B9BA9006C9425 /* LoginView.swift */; };
		001A67232B9BB837006C9425 /* TabBar.swift in Sources */ = {isa = PBXBuildFile; fileRef = 001A67222B9BB837006C9425 /* TabBar.swift */; };
		001A67252B9BBBD9006C9425 /* CommunityView.swift in Sources */ = {isa = PBXBuildFile; fileRef = 001A67242B9BBBD9006C9425 /* CommunityView.swift */; };
		001A67272B9BBCE3006C9425 /* MessageView.swift in Sources */ = {isa = PBXBuildFile; fileRef = 001A67262B9BBCE3006C9425 /* MessageView.swift */; };
		001A67292B9BBD0A006C9425 /* NewOrderView.swift in Sources */ = {isa = PBXBuildFile; fileRef = 001A67282B9BBD0A006C9425 /* NewOrderView.swift */; };
		001A672B2B9BBD24006C9425 /* ProfileView.swift in Sources */ = {isa = PBXBuildFile; fileRef = 001A672A2B9BBD24006C9425 /* ProfileView.swift */; };
		001A672F2B9BC11A006C9425 /* UserM.swift in Sources */ = {isa = PBXBuildFile; fileRef = 001A672E2B9BC11A006C9425 /* UserM.swift */; };
		001A67312B9BC23C006C9425 /* Education.swift in Sources */ = {isa = PBXBuildFile; fileRef = 001A67302B9BC23C006C9425 /* Education.swift */; };
		001A67332B9BC254006C9425 /* WorkExperience.swift in Sources */ = {isa = PBXBuildFile; fileRef = 001A67322B9BC254006C9425 /* WorkExperience.swift */; };
		001A676C2B9CC750006C9425 /* AGroticextrabold.ttf in Resources */ = {isa = PBXBuildFile; fileRef = 001A676B2B9CC750006C9425 /* AGroticextrabold.ttf */; };
		001A676F2B9DEA09006C9425 /* ButtonView.swift in Sources */ = {isa = PBXBuildFile; fileRef = 001A676E2B9DEA09006C9425 /* ButtonView.swift */; };
		001A67712B9DEE76006C9425 /* FieldView.swift in Sources */ = {isa = PBXBuildFile; fileRef = 001A67702B9DEE76006C9425 /* FieldView.swift */; };
		001A67752B9DFCCB006C9425 /* SettingsView.swift in Sources */ = {isa = PBXBuildFile; fileRef = 001A67742B9DFCCB006C9425 /* SettingsView.swift */; };
		001A67772B9E02AC006C9425 /* ArrowButtonView.swift in Sources */ = {isa = PBXBuildFile; fileRef = 001A67762B9E02AC006C9425 /* ArrowButtonView.swift */; };
		001A67792B9E1297006C9425 /* EducationView.swift in Sources */ = {isa = PBXBuildFile; fileRef = 001A67782B9E1297006C9425 /* EducationView.swift */; };
		001A677D2B9E65C5006C9425 /* CustomBackButton.swift in Sources */ = {isa = PBXBuildFile; fileRef = 001A677C2B9E65C5006C9425 /* CustomBackButton.swift */; };
		001A677F2B9E6B83006C9425 /* ExperienceView.swift in Sources */ = {isa = PBXBuildFile; fileRef = 001A677E2B9E6B83006C9425 /* ExperienceView.swift */; };
		0062D81C2B9F1A5C00219D5A /* ExpertiseRowView.swift in Sources */ = {isa = PBXBuildFile; fileRef = 0062D81B2B9F1A5C00219D5A /* ExpertiseRowView.swift */; };
		0062D81E2B9F1AAE00219D5A /* Expertise.swift in Sources */ = {isa = PBXBuildFile; fileRef = 0062D81D2B9F1AAE00219D5A /* Expertise.swift */; };
		0062D8202B9F1AD100219D5A /* ExpertiseView.swift in Sources */ = {isa = PBXBuildFile; fileRef = 0062D81F2B9F1AD100219D5A /* ExpertiseView.swift */; };
		0062D8282B9FB0DD00219D5A /* MentorSearchView.swift in Sources */ = {isa = PBXBuildFile; fileRef = 0062D8272B9FB0DD00219D5A /* MentorSearchView.swift */; };
		0062D82A2B9FB19000219D5A /* OrderSearchView.swift in Sources */ = {isa = PBXBuildFile; fileRef = 0062D8292B9FB19000219D5A /* OrderSearchView.swift */; };
		0062D82C2B9FC09500219D5A /* EducationAndExperienceView.swift in Sources */ = {isa = PBXBuildFile; fileRef = 0062D82B2B9FC09500219D5A /* EducationAndExperienceView.swift */; };
		0062D82E2BA0641100219D5A /* RegisterFirstView.swift in Sources */ = {isa = PBXBuildFile; fileRef = 0062D82D2BA0641100219D5A /* RegisterFirstView.swift */; };
		0062D8302BA0840000219D5A /* RegistrationEdView.swift in Sources */ = {isa = PBXBuildFile; fileRef = 0062D82F2BA0840000219D5A /* RegistrationEdView.swift */; };
		0062D8342BA1C6F000219D5A /* YearPickerTextField.swift in Sources */ = {isa = PBXBuildFile; fileRef = 0062D8332BA1C6F000219D5A /* YearPickerTextField.swift */; };
		0062D8362BA248D100219D5A /* SmallUserView.swift in Sources */ = {isa = PBXBuildFile; fileRef = 0062D8352BA248D100219D5A /* SmallUserView.swift */; };
		0062D8382BA24F8200219D5A /* Order.swift in Sources */ = {isa = PBXBuildFile; fileRef = 0062D8372BA24F8200219D5A /* Order.swift */; };
		0062D83A2BA24FDA00219D5A /* WhichOrderView.swift in Sources */ = {isa = PBXBuildFile; fileRef = 0062D8392BA24FDA00219D5A /* WhichOrderView.swift */; };
		0062D83C2BA35CA600219D5A /* AuthFirebase.swift in Sources */ = {isa = PBXBuildFile; fileRef = 0062D83B2BA35CA600219D5A /* AuthFirebase.swift */; };
		0062D8542BA397DD00219D5A /* FirebaseAuth in Frameworks */ = {isa = PBXBuildFile; productRef = 0062D8532BA397DD00219D5A /* FirebaseAuth */; };
		0062D8562BA397DD00219D5A /* FirebaseDatabase in Frameworks */ = {isa = PBXBuildFile; productRef = 0062D8552BA397DD00219D5A /* FirebaseDatabase */; };
		0062D8582BA397DD00219D5A /* FirebaseFirestore in Frameworks */ = {isa = PBXBuildFile; productRef = 0062D8572BA397DD00219D5A /* FirebaseFirestore */; };
		0062D85A2BA397DD00219D5A /* FirebaseInAppMessaging-Beta in Frameworks */ = {isa = PBXBuildFile; productRef = 0062D8592BA397DD00219D5A /* FirebaseInAppMessaging-Beta */; };
		0062D85C2BA397DD00219D5A /* FirebaseInAppMessagingSwift-Beta in Frameworks */ = {isa = PBXBuildFile; productRef = 0062D85B2BA397DD00219D5A /* FirebaseInAppMessagingSwift-Beta */; };
		0062D85E2BA397DD00219D5A /* FirebaseStorage in Frameworks */ = {isa = PBXBuildFile; productRef = 0062D85D2BA397DD00219D5A /* FirebaseStorage */; };
		0062D8602BA39F1D00219D5A /* GoogleService-Info.plist in Resources */ = {isa = PBXBuildFile; fileRef = 0062D85F2BA39F1D00219D5A /* GoogleService-Info.plist */; };
		0062D8622BA5C47E00219D5A /* RegistrationWorkView.swift in Sources */ = {isa = PBXBuildFile; fileRef = 0062D8612BA5C47E00219D5A /* RegistrationWorkView.swift */; };
		00719F9A2BBC5D1700C98F49 /* SkillsFirebase.swift in Sources */ = {isa = PBXBuildFile; fileRef = 00719F992BBC5D1700C98F49 /* SkillsFirebase.swift */; };
		00719F9C2BBC9C3500C98F49 /* SaveFirebase.swift in Sources */ = {isa = PBXBuildFile; fileRef = 00719F9B2BBC9C3500C98F49 /* SaveFirebase.swift */; };
		00719F9E2BBEDE4400C98F49 /* OrdersView.swift in Sources */ = {isa = PBXBuildFile; fileRef = 00719F9D2BBEDE4300C98F49 /* OrdersView.swift */; };
		00719FA02BBF221E00C98F49 /* OrderFirebase.swift in Sources */ = {isa = PBXBuildFile; fileRef = 00719F9F2BBF221E00C98F49 /* OrderFirebase.swift */; };
		00719FA22BC03C4500C98F49 /* OrderView.swift in Sources */ = {isa = PBXBuildFile; fileRef = 00719FA12BC03C4500C98F49 /* OrderView.swift */; };
		00719FA42BC053E200C98F49 /* UserView.swift in Sources */ = {isa = PBXBuildFile; fileRef = 00719FA32BC053E200C98F49 /* UserView.swift */; };
		00719FA62BC0782600C98F49 /* StrangerOrderView.swift in Sources */ = {isa = PBXBuildFile; fileRef = 00719FA52BC0782600C98F49 /* StrangerOrderView.swift */; };
		00719FA82BC079CC00C98F49 /* FullOrderDescription.swift in Sources */ = {isa = PBXBuildFile; fileRef = 00719FA72BC079CC00C98F49 /* FullOrderDescription.swift */; };
		007AE0442BAA3CC200E4367E /* RegistrationExpertiseView.swift in Sources */ = {isa = PBXBuildFile; fileRef = 007AE0432BAA3CC200E4367E /* RegistrationExpertiseView.swift */; };
/* End PBXBuildFile section */

/* Begin PBXContainerItemProxy section */
		001A66F52B99F0EF006C9425 /* PBXContainerItemProxy */ = {
			isa = PBXContainerItemProxy;
			containerPortal = 001A66DC2B99F0EE006C9425 /* Project object */;
			proxyType = 1;
			remoteGlobalIDString = 001A66E32B99F0EE006C9425;
			remoteInfo = MentorMatch;
		};
		001A66FF2B99F0EF006C9425 /* PBXContainerItemProxy */ = {
			isa = PBXContainerItemProxy;
			containerPortal = 001A66DC2B99F0EE006C9425 /* Project object */;
			proxyType = 1;
			remoteGlobalIDString = 001A66E32B99F0EE006C9425;
			remoteInfo = MentorMatch;
		};
/* End PBXContainerItemProxy section */

/* Begin PBXFileReference section */
		001A66E42B99F0EE006C9425 /* MentorMatch.app */ = {isa = PBXFileReference; explicitFileType = wrapper.application; includeInIndex = 0; path = MentorMatch.app; sourceTree = BUILT_PRODUCTS_DIR; };
		001A66E72B99F0EE006C9425 /* MentorMatchApp.swift */ = {isa = PBXFileReference; lastKnownFileType = sourcecode.swift; path = MentorMatchApp.swift; sourceTree = "<group>"; };
		001A66E92B99F0EE006C9425 /* WelcomeView.swift */ = {isa = PBXFileReference; lastKnownFileType = sourcecode.swift; path = WelcomeView.swift; sourceTree = "<group>"; };
		001A66EB2B99F0EF006C9425 /* Assets.xcassets */ = {isa = PBXFileReference; lastKnownFileType = folder.assetcatalog; path = Assets.xcassets; sourceTree = "<group>"; };
		001A66EE2B99F0EF006C9425 /* Preview Assets.xcassets */ = {isa = PBXFileReference; lastKnownFileType = folder.assetcatalog; path = "Preview Assets.xcassets"; sourceTree = "<group>"; };
		001A66F42B99F0EF006C9425 /* MentorMatchTests.xctest */ = {isa = PBXFileReference; explicitFileType = wrapper.cfbundle; includeInIndex = 0; path = MentorMatchTests.xctest; sourceTree = BUILT_PRODUCTS_DIR; };
		001A66F82B99F0EF006C9425 /* MentorMatchTests.swift */ = {isa = PBXFileReference; lastKnownFileType = sourcecode.swift; path = MentorMatchTests.swift; sourceTree = "<group>"; };
		001A66FE2B99F0EF006C9425 /* MentorMatchUITests.xctest */ = {isa = PBXFileReference; explicitFileType = wrapper.cfbundle; includeInIndex = 0; path = MentorMatchUITests.xctest; sourceTree = BUILT_PRODUCTS_DIR; };
		001A67022B99F0EF006C9425 /* MentorMatchUITests.swift */ = {isa = PBXFileReference; lastKnownFileType = sourcecode.swift; path = MentorMatchUITests.swift; sourceTree = "<group>"; };
		001A67042B99F0EF006C9425 /* MentorMatchUITestsLaunchTests.swift */ = {isa = PBXFileReference; lastKnownFileType = sourcecode.swift; path = MentorMatchUITestsLaunchTests.swift; sourceTree = "<group>"; };
		001A671E2B9B9BA9006C9425 /* LoginView.swift */ = {isa = PBXFileReference; lastKnownFileType = sourcecode.swift; path = LoginView.swift; sourceTree = "<group>"; };
		001A67222B9BB837006C9425 /* TabBar.swift */ = {isa = PBXFileReference; lastKnownFileType = sourcecode.swift; path = TabBar.swift; sourceTree = "<group>"; };
		001A67242B9BBBD9006C9425 /* CommunityView.swift */ = {isa = PBXFileReference; lastKnownFileType = sourcecode.swift; path = CommunityView.swift; sourceTree = "<group>"; };
		001A67262B9BBCE3006C9425 /* MessageView.swift */ = {isa = PBXFileReference; lastKnownFileType = sourcecode.swift; path = MessageView.swift; sourceTree = "<group>"; };
		001A67282B9BBD0A006C9425 /* NewOrderView.swift */ = {isa = PBXFileReference; lastKnownFileType = sourcecode.swift; path = NewOrderView.swift; sourceTree = "<group>"; };
		001A672A2B9BBD24006C9425 /* ProfileView.swift */ = {isa = PBXFileReference; lastKnownFileType = sourcecode.swift; path = ProfileView.swift; sourceTree = "<group>"; };
		001A672E2B9BC11A006C9425 /* UserM.swift */ = {isa = PBXFileReference; lastKnownFileType = sourcecode.swift; path = UserM.swift; sourceTree = "<group>"; };
		001A67302B9BC23C006C9425 /* Education.swift */ = {isa = PBXFileReference; lastKnownFileType = sourcecode.swift; path = Education.swift; sourceTree = "<group>"; };
		001A67322B9BC254006C9425 /* WorkExperience.swift */ = {isa = PBXFileReference; lastKnownFileType = sourcecode.swift; path = WorkExperience.swift; sourceTree = "<group>"; };
		001A676B2B9CC750006C9425 /* AGroticextrabold.ttf */ = {isa = PBXFileReference; lastKnownFileType = file; name = AGroticextrabold.ttf; path = ../../../Downloads/AGroticextrabold.ttf; sourceTree = "<group>"; };
		001A676E2B9DEA09006C9425 /* ButtonView.swift */ = {isa = PBXFileReference; lastKnownFileType = sourcecode.swift; path = ButtonView.swift; sourceTree = "<group>"; };
		001A67702B9DEE76006C9425 /* FieldView.swift */ = {isa = PBXFileReference; lastKnownFileType = sourcecode.swift; path = FieldView.swift; sourceTree = "<group>"; };
		001A67742B9DFCCB006C9425 /* SettingsView.swift */ = {isa = PBXFileReference; lastKnownFileType = sourcecode.swift; path = SettingsView.swift; sourceTree = "<group>"; };
		001A67762B9E02AC006C9425 /* ArrowButtonView.swift */ = {isa = PBXFileReference; lastKnownFileType = sourcecode.swift; path = ArrowButtonView.swift; sourceTree = "<group>"; };
		001A67782B9E1297006C9425 /* EducationView.swift */ = {isa = PBXFileReference; lastKnownFileType = sourcecode.swift; path = EducationView.swift; sourceTree = "<group>"; };
		001A677C2B9E65C5006C9425 /* CustomBackButton.swift */ = {isa = PBXFileReference; lastKnownFileType = sourcecode.swift; path = CustomBackButton.swift; sourceTree = "<group>"; };
		001A677E2B9E6B83006C9425 /* ExperienceView.swift */ = {isa = PBXFileReference; lastKnownFileType = sourcecode.swift; path = ExperienceView.swift; sourceTree = "<group>"; };
		0062D81B2B9F1A5C00219D5A /* ExpertiseRowView.swift */ = {isa = PBXFileReference; lastKnownFileType = sourcecode.swift; path = ExpertiseRowView.swift; sourceTree = "<group>"; };
		0062D81D2B9F1AAE00219D5A /* Expertise.swift */ = {isa = PBXFileReference; lastKnownFileType = sourcecode.swift; path = Expertise.swift; sourceTree = "<group>"; };
		0062D81F2B9F1AD100219D5A /* ExpertiseView.swift */ = {isa = PBXFileReference; lastKnownFileType = sourcecode.swift; path = ExpertiseView.swift; sourceTree = "<group>"; };
		0062D8272B9FB0DD00219D5A /* MentorSearchView.swift */ = {isa = PBXFileReference; lastKnownFileType = sourcecode.swift; path = MentorSearchView.swift; sourceTree = "<group>"; };
		0062D8292B9FB19000219D5A /* OrderSearchView.swift */ = {isa = PBXFileReference; lastKnownFileType = sourcecode.swift; path = OrderSearchView.swift; sourceTree = "<group>"; };
		0062D82B2B9FC09500219D5A /* EducationAndExperienceView.swift */ = {isa = PBXFileReference; lastKnownFileType = sourcecode.swift; path = EducationAndExperienceView.swift; sourceTree = "<group>"; };
		0062D82D2BA0641100219D5A /* RegisterFirstView.swift */ = {isa = PBXFileReference; lastKnownFileType = sourcecode.swift; path = RegisterFirstView.swift; sourceTree = "<group>"; };
		0062D82F2BA0840000219D5A /* RegistrationEdView.swift */ = {isa = PBXFileReference; lastKnownFileType = sourcecode.swift; path = RegistrationEdView.swift; sourceTree = "<group>"; };
		0062D8332BA1C6F000219D5A /* YearPickerTextField.swift */ = {isa = PBXFileReference; lastKnownFileType = sourcecode.swift; path = YearPickerTextField.swift; sourceTree = "<group>"; };
		0062D8352BA248D100219D5A /* SmallUserView.swift */ = {isa = PBXFileReference; lastKnownFileType = sourcecode.swift; path = SmallUserView.swift; sourceTree = "<group>"; };
		0062D8372BA24F8200219D5A /* Order.swift */ = {isa = PBXFileReference; lastKnownFileType = sourcecode.swift; path = Order.swift; sourceTree = "<group>"; };
		0062D8392BA24FDA00219D5A /* WhichOrderView.swift */ = {isa = PBXFileReference; lastKnownFileType = sourcecode.swift; path = WhichOrderView.swift; sourceTree = "<group>"; };
		0062D83B2BA35CA600219D5A /* AuthFirebase.swift */ = {isa = PBXFileReference; lastKnownFileType = sourcecode.swift; path = AuthFirebase.swift; sourceTree = "<group>"; };
		0062D85F2BA39F1D00219D5A /* GoogleService-Info.plist */ = {isa = PBXFileReference; fileEncoding = 4; lastKnownFileType = text.plist.xml; path = "GoogleService-Info.plist"; sourceTree = "<group>"; };
		0062D8612BA5C47E00219D5A /* RegistrationWorkView.swift */ = {isa = PBXFileReference; lastKnownFileType = sourcecode.swift; path = RegistrationWorkView.swift; sourceTree = "<group>"; };
		00719F992BBC5D1700C98F49 /* SkillsFirebase.swift */ = {isa = PBXFileReference; lastKnownFileType = sourcecode.swift; path = SkillsFirebase.swift; sourceTree = "<group>"; };
		00719F9B2BBC9C3500C98F49 /* SaveFirebase.swift */ = {isa = PBXFileReference; lastKnownFileType = sourcecode.swift; path = SaveFirebase.swift; sourceTree = "<group>"; };
		00719F9D2BBEDE4300C98F49 /* OrdersView.swift */ = {isa = PBXFileReference; lastKnownFileType = sourcecode.swift; path = OrdersView.swift; sourceTree = "<group>"; };
		00719F9F2BBF221E00C98F49 /* OrderFirebase.swift */ = {isa = PBXFileReference; lastKnownFileType = sourcecode.swift; path = OrderFirebase.swift; sourceTree = "<group>"; };
		00719FA12BC03C4500C98F49 /* OrderView.swift */ = {isa = PBXFileReference; lastKnownFileType = sourcecode.swift; path = OrderView.swift; sourceTree = "<group>"; };
		00719FA32BC053E200C98F49 /* UserView.swift */ = {isa = PBXFileReference; lastKnownFileType = sourcecode.swift; path = UserView.swift; sourceTree = "<group>"; };
		00719FA52BC0782600C98F49 /* StrangerOrderView.swift */ = {isa = PBXFileReference; lastKnownFileType = sourcecode.swift; path = StrangerOrderView.swift; sourceTree = "<group>"; };
		00719FA72BC079CC00C98F49 /* FullOrderDescription.swift */ = {isa = PBXFileReference; lastKnownFileType = sourcecode.swift; path = FullOrderDescription.swift; sourceTree = "<group>"; };
		007AE0432BAA3CC200E4367E /* RegistrationExpertiseView.swift */ = {isa = PBXFileReference; lastKnownFileType = sourcecode.swift; path = RegistrationExpertiseView.swift; sourceTree = "<group>"; };
/* End PBXFileReference section */

/* Begin PBXFrameworksBuildPhase section */
		001A66E12B99F0EE006C9425 /* Frameworks */ = {
			isa = PBXFrameworksBuildPhase;
			buildActionMask = 2147483647;
			files = (
				0062D8562BA397DD00219D5A /* FirebaseDatabase in Frameworks */,
				0062D8542BA397DD00219D5A /* FirebaseAuth in Frameworks */,
				0062D85C2BA397DD00219D5A /* FirebaseInAppMessagingSwift-Beta in Frameworks */,
				0062D8582BA397DD00219D5A /* FirebaseFirestore in Frameworks */,
				0062D85A2BA397DD00219D5A /* FirebaseInAppMessaging-Beta in Frameworks */,
				0062D85E2BA397DD00219D5A /* FirebaseStorage in Frameworks */,
			);
			runOnlyForDeploymentPostprocessing = 0;
		};
		001A66F12B99F0EF006C9425 /* Frameworks */ = {
			isa = PBXFrameworksBuildPhase;
			buildActionMask = 2147483647;
			files = (
			);
			runOnlyForDeploymentPostprocessing = 0;
		};
		001A66FB2B99F0EF006C9425 /* Frameworks */ = {
			isa = PBXFrameworksBuildPhase;
			buildActionMask = 2147483647;
			files = (
			);
			runOnlyForDeploymentPostprocessing = 0;
		};
/* End PBXFrameworksBuildPhase section */

/* Begin PBXGroup section */
		001A66DB2B99F0EE006C9425 = {
			isa = PBXGroup;
			children = (
				001A66E62B99F0EE006C9425 /* MentorMatch */,
				001A66F72B99F0EF006C9425 /* MentorMatchTests */,
				001A67012B99F0EF006C9425 /* MentorMatchUITests */,
				001A66E52B99F0EE006C9425 /* Products */,
			);
			sourceTree = "<group>";
		};
		001A66E52B99F0EE006C9425 /* Products */ = {
			isa = PBXGroup;
			children = (
				001A66E42B99F0EE006C9425 /* MentorMatch.app */,
				001A66F42B99F0EF006C9425 /* MentorMatchTests.xctest */,
				001A66FE2B99F0EF006C9425 /* MentorMatchUITests.xctest */,
			);
			name = Products;
			sourceTree = "<group>";
		};
		001A66E62B99F0EE006C9425 /* MentorMatch */ = {
			isa = PBXGroup;
			children = (
				001A676D2B9DE9EE006C9425 /* ComponentView */,
				001A676B2B9CC750006C9425 /* AGroticextrabold.ttf */,
				001A672D2B9BC105006C9425 /* Model */,
				001A672C2B9BBF71006C9425 /* ViewModel */,
				001A671D2B9B9B92006C9425 /* Views */,
				001A66E72B99F0EE006C9425 /* MentorMatchApp.swift */,
				001A66EB2B99F0EF006C9425 /* Assets.xcassets */,
				001A66ED2B99F0EF006C9425 /* Preview Content */,
				001A67222B9BB837006C9425 /* TabBar.swift */,
				0062D85F2BA39F1D00219D5A /* GoogleService-Info.plist */,
			);
			path = MentorMatch;
			sourceTree = "<group>";
		};
		001A66ED2B99F0EF006C9425 /* Preview Content */ = {
			isa = PBXGroup;
			children = (
				001A66EE2B99F0EF006C9425 /* Preview Assets.xcassets */,
			);
			path = "Preview Content";
			sourceTree = "<group>";
		};
		001A66F72B99F0EF006C9425 /* MentorMatchTests */ = {
			isa = PBXGroup;
			children = (
				001A66F82B99F0EF006C9425 /* MentorMatchTests.swift */,
			);
			path = MentorMatchTests;
			sourceTree = "<group>";
		};
		001A67012B99F0EF006C9425 /* MentorMatchUITests */ = {
			isa = PBXGroup;
			children = (
				001A67022B99F0EF006C9425 /* MentorMatchUITests.swift */,
				001A67042B99F0EF006C9425 /* MentorMatchUITestsLaunchTests.swift */,
			);
			path = MentorMatchUITests;
			sourceTree = "<group>";
		};
		001A671D2B9B9B92006C9425 /* Views */ = {
			isa = PBXGroup;
			children = (
				001A67242B9BBBD9006C9425 /* CommunityView.swift */,
				001A67782B9E1297006C9425 /* EducationView.swift */,
				001A677E2B9E6B83006C9425 /* ExperienceView.swift */,
				0062D81F2B9F1AD100219D5A /* ExpertiseView.swift */,
				00719FA72BC079CC00C98F49 /* FullOrderDescription.swift */,
				001A671E2B9B9BA9006C9425 /* LoginView.swift */,
				0062D8272B9FB0DD00219D5A /* MentorSearchView.swift */,
				001A67262B9BBCE3006C9425 /* MessageView.swift */,
				001A67282B9BBD0A006C9425 /* NewOrderView.swift */,
				0062D8292B9FB19000219D5A /* OrderSearchView.swift */,
				00719F9D2BBEDE4300C98F49 /* OrdersView.swift */,
				001A672A2B9BBD24006C9425 /* ProfileView.swift */,
				0062D82D2BA0641100219D5A /* RegisterFirstView.swift */,
				0062D82F2BA0840000219D5A /* RegistrationEdView.swift */,
				007AE0432BAA3CC200E4367E /* RegistrationExpertiseView.swift */,
				0062D8612BA5C47E00219D5A /* RegistrationWorkView.swift */,
				001A67742B9DFCCB006C9425 /* SettingsView.swift */,
				00719FA32BC053E200C98F49 /* UserView.swift */,
				001A66E92B99F0EE006C9425 /* WelcomeView.swift */,
			);
			path = Views;
			sourceTree = "<group>";
		};
		001A672C2B9BBF71006C9425 /* ViewModel */ = {
			isa = PBXGroup;
			children = (
				0062D83B2BA35CA600219D5A /* AuthFirebase.swift */,
				00719F992BBC5D1700C98F49 /* SkillsFirebase.swift */,
				00719F9B2BBC9C3500C98F49 /* SaveFirebase.swift */,
				00719F9F2BBF221E00C98F49 /* OrderFirebase.swift */,
			);
			path = ViewModel;
			sourceTree = "<group>";
		};
		001A672D2B9BC105006C9425 /* Model */ = {
			isa = PBXGroup;
			children = (
				001A672E2B9BC11A006C9425 /* UserM.swift */,
				001A67302B9BC23C006C9425 /* Education.swift */,
				001A67322B9BC254006C9425 /* WorkExperience.swift */,
				0062D81D2B9F1AAE00219D5A /* Expertise.swift */,
				0062D8372BA24F8200219D5A /* Order.swift */,
			);
			path = Model;
			sourceTree = "<group>";
		};
		001A676D2B9DE9EE006C9425 /* ComponentView */ = {
			isa = PBXGroup;
			children = (
				001A676E2B9DEA09006C9425 /* ButtonView.swift */,
				001A67702B9DEE76006C9425 /* FieldView.swift */,
				001A67762B9E02AC006C9425 /* ArrowButtonView.swift */,
				001A677C2B9E65C5006C9425 /* CustomBackButton.swift */,
				0062D81B2B9F1A5C00219D5A /* ExpertiseRowView.swift */,
				0062D82B2B9FC09500219D5A /* EducationAndExperienceView.swift */,
				0062D8332BA1C6F000219D5A /* YearPickerTextField.swift */,
				0062D8352BA248D100219D5A /* SmallUserView.swift */,
				0062D8392BA24FDA00219D5A /* WhichOrderView.swift */,
				00719FA12BC03C4500C98F49 /* OrderView.swift */,
				00719FA52BC0782600C98F49 /* StrangerOrderView.swift */,
			);
			path = ComponentView;
			sourceTree = "<group>";
		};
/* End PBXGroup section */

/* Begin PBXNativeTarget section */
		001A66E32B99F0EE006C9425 /* MentorMatch */ = {
			isa = PBXNativeTarget;
			buildConfigurationList = 001A67082B99F0EF006C9425 /* Build configuration list for PBXNativeTarget "MentorMatch" */;
			buildPhases = (
				001A66E02B99F0EE006C9425 /* Sources */,
				001A66E12B99F0EE006C9425 /* Frameworks */,
				001A66E22B99F0EE006C9425 /* Resources */,
			);
			buildRules = (
			);
			dependencies = (
			);
			name = MentorMatch;
			packageProductDependencies = (
				0062D8532BA397DD00219D5A /* FirebaseAuth */,
				0062D8552BA397DD00219D5A /* FirebaseDatabase */,
				0062D8572BA397DD00219D5A /* FirebaseFirestore */,
				0062D8592BA397DD00219D5A /* FirebaseInAppMessaging-Beta */,
				0062D85B2BA397DD00219D5A /* FirebaseInAppMessagingSwift-Beta */,
				0062D85D2BA397DD00219D5A /* FirebaseStorage */,
			);
			productName = MentorMatch;
			productReference = 001A66E42B99F0EE006C9425 /* MentorMatch.app */;
			productType = "com.apple.product-type.application";
		};
		001A66F32B99F0EF006C9425 /* MentorMatchTests */ = {
			isa = PBXNativeTarget;
			buildConfigurationList = 001A670B2B99F0EF006C9425 /* Build configuration list for PBXNativeTarget "MentorMatchTests" */;
			buildPhases = (
				001A66F02B99F0EF006C9425 /* Sources */,
				001A66F12B99F0EF006C9425 /* Frameworks */,
				001A66F22B99F0EF006C9425 /* Resources */,
			);
			buildRules = (
			);
			dependencies = (
				001A66F62B99F0EF006C9425 /* PBXTargetDependency */,
			);
			name = MentorMatchTests;
			productName = MentorMatchTests;
			productReference = 001A66F42B99F0EF006C9425 /* MentorMatchTests.xctest */;
			productType = "com.apple.product-type.bundle.unit-test";
		};
		001A66FD2B99F0EF006C9425 /* MentorMatchUITests */ = {
			isa = PBXNativeTarget;
			buildConfigurationList = 001A670E2B99F0EF006C9425 /* Build configuration list for PBXNativeTarget "MentorMatchUITests" */;
			buildPhases = (
				001A66FA2B99F0EF006C9425 /* Sources */,
				001A66FB2B99F0EF006C9425 /* Frameworks */,
				001A66FC2B99F0EF006C9425 /* Resources */,
			);
			buildRules = (
			);
			dependencies = (
				001A67002B99F0EF006C9425 /* PBXTargetDependency */,
			);
			name = MentorMatchUITests;
			productName = MentorMatchUITests;
			productReference = 001A66FE2B99F0EF006C9425 /* MentorMatchUITests.xctest */;
			productType = "com.apple.product-type.bundle.ui-testing";
		};
/* End PBXNativeTarget section */

/* Begin PBXProject section */
		001A66DC2B99F0EE006C9425 /* Project object */ = {
			isa = PBXProject;
			attributes = {
				BuildIndependentTargetsInParallel = 1;
				LastSwiftUpdateCheck = 1500;
				LastUpgradeCheck = 1500;
				TargetAttributes = {
					001A66E32B99F0EE006C9425 = {
						CreatedOnToolsVersion = 15.0.1;
					};
					001A66F32B99F0EF006C9425 = {
						CreatedOnToolsVersion = 15.0.1;
						TestTargetID = 001A66E32B99F0EE006C9425;
					};
					001A66FD2B99F0EF006C9425 = {
						CreatedOnToolsVersion = 15.0.1;
						TestTargetID = 001A66E32B99F0EE006C9425;
					};
				};
			};
			buildConfigurationList = 001A66DF2B99F0EE006C9425 /* Build configuration list for PBXProject "MentorMatch" */;
			compatibilityVersion = "Xcode 14.0";
			developmentRegion = en;
			hasScannedForEncodings = 0;
			knownRegions = (
				en,
				Base,
			);
			mainGroup = 001A66DB2B99F0EE006C9425;
			packageReferences = (
				0062D8522BA397DD00219D5A /* XCRemoteSwiftPackageReference "firebase-ios-sdk" */,
			);
			productRefGroup = 001A66E52B99F0EE006C9425 /* Products */;
			projectDirPath = "";
			projectRoot = "";
			targets = (
				001A66E32B99F0EE006C9425 /* MentorMatch */,
				001A66F32B99F0EF006C9425 /* MentorMatchTests */,
				001A66FD2B99F0EF006C9425 /* MentorMatchUITests */,
			);
		};
/* End PBXProject section */

/* Begin PBXResourcesBuildPhase section */
		001A66E22B99F0EE006C9425 /* Resources */ = {
			isa = PBXResourcesBuildPhase;
			buildActionMask = 2147483647;
			files = (
				001A66EF2B99F0EF006C9425 /* Preview Assets.xcassets in Resources */,
				0062D8602BA39F1D00219D5A /* GoogleService-Info.plist in Resources */,
				001A66EC2B99F0EF006C9425 /* Assets.xcassets in Resources */,
				001A676C2B9CC750006C9425 /* AGroticextrabold.ttf in Resources */,
			);
			runOnlyForDeploymentPostprocessing = 0;
		};
		001A66F22B99F0EF006C9425 /* Resources */ = {
			isa = PBXResourcesBuildPhase;
			buildActionMask = 2147483647;
			files = (
			);
			runOnlyForDeploymentPostprocessing = 0;
		};
		001A66FC2B99F0EF006C9425 /* Resources */ = {
			isa = PBXResourcesBuildPhase;
			buildActionMask = 2147483647;
			files = (
			);
			runOnlyForDeploymentPostprocessing = 0;
		};
/* End PBXResourcesBuildPhase section */

/* Begin PBXSourcesBuildPhase section */
		001A66E02B99F0EE006C9425 /* Sources */ = {
			isa = PBXSourcesBuildPhase;
			buildActionMask = 2147483647;
			files = (
				0062D83A2BA24FDA00219D5A /* WhichOrderView.swift in Sources */,
				001A672F2B9BC11A006C9425 /* UserM.swift in Sources */,
				001A672B2B9BBD24006C9425 /* ProfileView.swift in Sources */,
				0062D81C2B9F1A5C00219D5A /* ExpertiseRowView.swift in Sources */,
				001A676F2B9DEA09006C9425 /* ButtonView.swift in Sources */,
				001A67712B9DEE76006C9425 /* FieldView.swift in Sources */,
				0062D81E2B9F1AAE00219D5A /* Expertise.swift in Sources */,
				0062D82C2B9FC09500219D5A /* EducationAndExperienceView.swift in Sources */,
				00719F9C2BBC9C3500C98F49 /* SaveFirebase.swift in Sources */,
				0062D82A2B9FB19000219D5A /* OrderSearchView.swift in Sources */,
				00719FA42BC053E200C98F49 /* UserView.swift in Sources */,
				00719FA02BBF221E00C98F49 /* OrderFirebase.swift in Sources */,
				001A67312B9BC23C006C9425 /* Education.swift in Sources */,
				001A67792B9E1297006C9425 /* EducationView.swift in Sources */,
				001A67272B9BBCE3006C9425 /* MessageView.swift in Sources */,
				001A677F2B9E6B83006C9425 /* ExperienceView.swift in Sources */,
				0062D8382BA24F8200219D5A /* Order.swift in Sources */,
				0062D8622BA5C47E00219D5A /* RegistrationWorkView.swift in Sources */,
				007AE0442BAA3CC200E4367E /* RegistrationExpertiseView.swift in Sources */,
				0062D8302BA0840000219D5A /* RegistrationEdView.swift in Sources */,
				001A671F2B9B9BA9006C9425 /* LoginView.swift in Sources */,
				0062D8362BA248D100219D5A /* SmallUserView.swift in Sources */,
				001A67752B9DFCCB006C9425 /* SettingsView.swift in Sources */,
				0062D8282B9FB0DD00219D5A /* MentorSearchView.swift in Sources */,
				00719FA22BC03C4500C98F49 /* OrderView.swift in Sources */,
				001A67232B9BB837006C9425 /* TabBar.swift in Sources */,
				001A66EA2B99F0EE006C9425 /* WelcomeView.swift in Sources */,
				001A67332B9BC254006C9425 /* WorkExperience.swift in Sources */,
				00719F9A2BBC5D1700C98F49 /* SkillsFirebase.swift in Sources */,
				0062D83C2BA35CA600219D5A /* AuthFirebase.swift in Sources */,
				001A67772B9E02AC006C9425 /* ArrowButtonView.swift in Sources */,
				001A67292B9BBD0A006C9425 /* NewOrderView.swift in Sources */,
				0062D8342BA1C6F000219D5A /* YearPickerTextField.swift in Sources */,
				001A677D2B9E65C5006C9425 /* CustomBackButton.swift in Sources */,
				001A67252B9BBBD9006C9425 /* CommunityView.swift in Sources */,
				0062D8202B9F1AD100219D5A /* ExpertiseView.swift in Sources */,
				00719F9E2BBEDE4400C98F49 /* OrdersView.swift in Sources */,
				001A66E82B99F0EE006C9425 /* MentorMatchApp.swift in Sources */,
				0062D82E2BA0641100219D5A /* RegisterFirstView.swift in Sources */,
				00719FA82BC079CC00C98F49 /* FullOrderDescription.swift in Sources */,
				00719FA62BC0782600C98F49 /* StrangerOrderView.swift in Sources */,
			);
			runOnlyForDeploymentPostprocessing = 0;
		};
		001A66F02B99F0EF006C9425 /* Sources */ = {
			isa = PBXSourcesBuildPhase;
			buildActionMask = 2147483647;
			files = (
				001A66F92B99F0EF006C9425 /* MentorMatchTests.swift in Sources */,
			);
			runOnlyForDeploymentPostprocessing = 0;
		};
		001A66FA2B99F0EF006C9425 /* Sources */ = {
			isa = PBXSourcesBuildPhase;
			buildActionMask = 2147483647;
			files = (
				001A67032B99F0EF006C9425 /* MentorMatchUITests.swift in Sources */,
				001A67052B99F0EF006C9425 /* MentorMatchUITestsLaunchTests.swift in Sources */,
			);
			runOnlyForDeploymentPostprocessing = 0;
		};
/* End PBXSourcesBuildPhase section */

/* Begin PBXTargetDependency section */
		001A66F62B99F0EF006C9425 /* PBXTargetDependency */ = {
			isa = PBXTargetDependency;
			target = 001A66E32B99F0EE006C9425 /* MentorMatch */;
			targetProxy = 001A66F52B99F0EF006C9425 /* PBXContainerItemProxy */;
		};
		001A67002B99F0EF006C9425 /* PBXTargetDependency */ = {
			isa = PBXTargetDependency;
			target = 001A66E32B99F0EE006C9425 /* MentorMatch */;
			targetProxy = 001A66FF2B99F0EF006C9425 /* PBXContainerItemProxy */;
		};
/* End PBXTargetDependency section */

/* Begin XCBuildConfiguration section */
		001A67062B99F0EF006C9425 /* Debug */ = {
			isa = XCBuildConfiguration;
			buildSettings = {
				ALWAYS_SEARCH_USER_PATHS = NO;
				ASSETCATALOG_COMPILER_GENERATE_SWIFT_ASSET_SYMBOL_EXTENSIONS = YES;
				CLANG_ANALYZER_NONNULL = YES;
				CLANG_ANALYZER_NUMBER_OBJECT_CONVERSION = YES_AGGRESSIVE;
				CLANG_CXX_LANGUAGE_STANDARD = "gnu++20";
				CLANG_ENABLE_MODULES = YES;
				CLANG_ENABLE_OBJC_ARC = YES;
				CLANG_ENABLE_OBJC_WEAK = YES;
				CLANG_WARN_BLOCK_CAPTURE_AUTORELEASING = YES;
				CLANG_WARN_BOOL_CONVERSION = YES;
				CLANG_WARN_COMMA = YES;
				CLANG_WARN_CONSTANT_CONVERSION = YES;
				CLANG_WARN_DEPRECATED_OBJC_IMPLEMENTATIONS = YES;
				CLANG_WARN_DIRECT_OBJC_ISA_USAGE = YES_ERROR;
				CLANG_WARN_DOCUMENTATION_COMMENTS = YES;
				CLANG_WARN_EMPTY_BODY = YES;
				CLANG_WARN_ENUM_CONVERSION = YES;
				CLANG_WARN_INFINITE_RECURSION = YES;
				CLANG_WARN_INT_CONVERSION = YES;
				CLANG_WARN_NON_LITERAL_NULL_CONVERSION = YES;
				CLANG_WARN_OBJC_IMPLICIT_RETAIN_SELF = YES;
				CLANG_WARN_OBJC_LITERAL_CONVERSION = YES;
				CLANG_WARN_OBJC_ROOT_CLASS = YES_ERROR;
				CLANG_WARN_QUOTED_INCLUDE_IN_FRAMEWORK_HEADER = YES;
				CLANG_WARN_RANGE_LOOP_ANALYSIS = YES;
				CLANG_WARN_STRICT_PROTOTYPES = YES;
				CLANG_WARN_SUSPICIOUS_MOVE = YES;
				CLANG_WARN_UNGUARDED_AVAILABILITY = YES_AGGRESSIVE;
				CLANG_WARN_UNREACHABLE_CODE = YES;
				CLANG_WARN__DUPLICATE_METHOD_MATCH = YES;
				COPY_PHASE_STRIP = NO;
				DEBUG_INFORMATION_FORMAT = dwarf;
				ENABLE_STRICT_OBJC_MSGSEND = YES;
				ENABLE_TESTABILITY = YES;
				ENABLE_USER_SCRIPT_SANDBOXING = YES;
				GCC_C_LANGUAGE_STANDARD = gnu17;
				GCC_DYNAMIC_NO_PIC = NO;
				GCC_NO_COMMON_BLOCKS = YES;
				GCC_OPTIMIZATION_LEVEL = 0;
				GCC_PREPROCESSOR_DEFINITIONS = (
					"DEBUG=1",
					"$(inherited)",
				);
				GCC_WARN_64_TO_32_BIT_CONVERSION = YES;
				GCC_WARN_ABOUT_RETURN_TYPE = YES_ERROR;
				GCC_WARN_UNDECLARED_SELECTOR = YES;
				GCC_WARN_UNINITIALIZED_AUTOS = YES_AGGRESSIVE;
				GCC_WARN_UNUSED_FUNCTION = YES;
				GCC_WARN_UNUSED_VARIABLE = YES;
				IPHONEOS_DEPLOYMENT_TARGET = 17.0;
				LOCALIZATION_PREFERS_STRING_CATALOGS = YES;
				MTL_ENABLE_DEBUG_INFO = INCLUDE_SOURCE;
				MTL_FAST_MATH = YES;
				ONLY_ACTIVE_ARCH = YES;
				SDKROOT = iphoneos;
				SWIFT_ACTIVE_COMPILATION_CONDITIONS = "DEBUG $(inherited)";
				SWIFT_OPTIMIZATION_LEVEL = "-Onone";
			};
			name = Debug;
		};
		001A67072B99F0EF006C9425 /* Release */ = {
			isa = XCBuildConfiguration;
			buildSettings = {
				ALWAYS_SEARCH_USER_PATHS = NO;
				ASSETCATALOG_COMPILER_GENERATE_SWIFT_ASSET_SYMBOL_EXTENSIONS = YES;
				CLANG_ANALYZER_NONNULL = YES;
				CLANG_ANALYZER_NUMBER_OBJECT_CONVERSION = YES_AGGRESSIVE;
				CLANG_CXX_LANGUAGE_STANDARD = "gnu++20";
				CLANG_ENABLE_MODULES = YES;
				CLANG_ENABLE_OBJC_ARC = YES;
				CLANG_ENABLE_OBJC_WEAK = YES;
				CLANG_WARN_BLOCK_CAPTURE_AUTORELEASING = YES;
				CLANG_WARN_BOOL_CONVERSION = YES;
				CLANG_WARN_COMMA = YES;
				CLANG_WARN_CONSTANT_CONVERSION = YES;
				CLANG_WARN_DEPRECATED_OBJC_IMPLEMENTATIONS = YES;
				CLANG_WARN_DIRECT_OBJC_ISA_USAGE = YES_ERROR;
				CLANG_WARN_DOCUMENTATION_COMMENTS = YES;
				CLANG_WARN_EMPTY_BODY = YES;
				CLANG_WARN_ENUM_CONVERSION = YES;
				CLANG_WARN_INFINITE_RECURSION = YES;
				CLANG_WARN_INT_CONVERSION = YES;
				CLANG_WARN_NON_LITERAL_NULL_CONVERSION = YES;
				CLANG_WARN_OBJC_IMPLICIT_RETAIN_SELF = YES;
				CLANG_WARN_OBJC_LITERAL_CONVERSION = YES;
				CLANG_WARN_OBJC_ROOT_CLASS = YES_ERROR;
				CLANG_WARN_QUOTED_INCLUDE_IN_FRAMEWORK_HEADER = YES;
				CLANG_WARN_RANGE_LOOP_ANALYSIS = YES;
				CLANG_WARN_STRICT_PROTOTYPES = YES;
				CLANG_WARN_SUSPICIOUS_MOVE = YES;
				CLANG_WARN_UNGUARDED_AVAILABILITY = YES_AGGRESSIVE;
				CLANG_WARN_UNREACHABLE_CODE = YES;
				CLANG_WARN__DUPLICATE_METHOD_MATCH = YES;
				COPY_PHASE_STRIP = NO;
				DEBUG_INFORMATION_FORMAT = "dwarf-with-dsym";
				ENABLE_NS_ASSERTIONS = NO;
				ENABLE_STRICT_OBJC_MSGSEND = YES;
				ENABLE_USER_SCRIPT_SANDBOXING = YES;
				GCC_C_LANGUAGE_STANDARD = gnu17;
				GCC_NO_COMMON_BLOCKS = YES;
				GCC_WARN_64_TO_32_BIT_CONVERSION = YES;
				GCC_WARN_ABOUT_RETURN_TYPE = YES_ERROR;
				GCC_WARN_UNDECLARED_SELECTOR = YES;
				GCC_WARN_UNINITIALIZED_AUTOS = YES_AGGRESSIVE;
				GCC_WARN_UNUSED_FUNCTION = YES;
				GCC_WARN_UNUSED_VARIABLE = YES;
				IPHONEOS_DEPLOYMENT_TARGET = 17.0;
				LOCALIZATION_PREFERS_STRING_CATALOGS = YES;
				MTL_ENABLE_DEBUG_INFO = NO;
				MTL_FAST_MATH = YES;
				SDKROOT = iphoneos;
				SWIFT_COMPILATION_MODE = wholemodule;
				VALIDATE_PRODUCT = YES;
			};
			name = Release;
		};
		001A67092B99F0EF006C9425 /* Debug */ = {
			isa = XCBuildConfiguration;
			buildSettings = {
				ASSETCATALOG_COMPILER_APPICON_NAME = AppIcon;
				ASSETCATALOG_COMPILER_GLOBAL_ACCENT_COLOR_NAME = AccentColor;
				CODE_SIGN_STYLE = Automatic;
				CURRENT_PROJECT_VERSION = 1;
				DEVELOPMENT_ASSET_PATHS = "\"MentorMatch/Preview Content\"";
				DEVELOPMENT_TEAM = 88J8J7P9S6;
				ENABLE_PREVIEWS = YES;
				GENERATE_INFOPLIST_FILE = YES;
				INFOPLIST_KEY_UIApplicationSceneManifest_Generation = YES;
				INFOPLIST_KEY_UIApplicationSupportsIndirectInputEvents = YES;
				INFOPLIST_KEY_UILaunchScreen_Generation = YES;
				INFOPLIST_KEY_UISupportedInterfaceOrientations_iPad = "UIInterfaceOrientationPortrait UIInterfaceOrientationPortraitUpsideDown UIInterfaceOrientationLandscapeLeft UIInterfaceOrientationLandscapeRight";
				INFOPLIST_KEY_UISupportedInterfaceOrientations_iPhone = "UIInterfaceOrientationPortrait UIInterfaceOrientationLandscapeLeft UIInterfaceOrientationLandscapeRight";
				IPHONEOS_DEPLOYMENT_TARGET = 16.0;
				LD_RUNPATH_SEARCH_PATHS = (
					"$(inherited)",
					"@executable_path/Frameworks",
				);
				MARKETING_VERSION = 1.0;
				PRODUCT_BUNDLE_IDENTIFIER = tasyaglk.MentorMatch;
				PRODUCT_NAME = "$(TARGET_NAME)";
				SWIFT_EMIT_LOC_STRINGS = YES;
				SWIFT_VERSION = 5.0;
				TARGETED_DEVICE_FAMILY = "1,2";
			};
			name = Debug;
		};
		001A670A2B99F0EF006C9425 /* Release */ = {
			isa = XCBuildConfiguration;
			buildSettings = {
				ASSETCATALOG_COMPILER_APPICON_NAME = AppIcon;
				ASSETCATALOG_COMPILER_GLOBAL_ACCENT_COLOR_NAME = AccentColor;
				CODE_SIGN_STYLE = Automatic;
				CURRENT_PROJECT_VERSION = 1;
				DEVELOPMENT_ASSET_PATHS = "\"MentorMatch/Preview Content\"";
				DEVELOPMENT_TEAM = 88J8J7P9S6;
				ENABLE_PREVIEWS = YES;
				GENERATE_INFOPLIST_FILE = YES;
				INFOPLIST_KEY_UIApplicationSceneManifest_Generation = YES;
				INFOPLIST_KEY_UIApplicationSupportsIndirectInputEvents = YES;
				INFOPLIST_KEY_UILaunchScreen_Generation = YES;
				INFOPLIST_KEY_UISupportedInterfaceOrientations_iPad = "UIInterfaceOrientationPortrait UIInterfaceOrientationPortraitUpsideDown UIInterfaceOrientationLandscapeLeft UIInterfaceOrientationLandscapeRight";
				INFOPLIST_KEY_UISupportedInterfaceOrientations_iPhone = "UIInterfaceOrientationPortrait UIInterfaceOrientationLandscapeLeft UIInterfaceOrientationLandscapeRight";
				IPHONEOS_DEPLOYMENT_TARGET = 16.0;
				LD_RUNPATH_SEARCH_PATHS = (
					"$(inherited)",
					"@executable_path/Frameworks",
				);
				MARKETING_VERSION = 1.0;
				PRODUCT_BUNDLE_IDENTIFIER = tasyaglk.MentorMatch;
				PRODUCT_NAME = "$(TARGET_NAME)";
				SWIFT_EMIT_LOC_STRINGS = YES;
				SWIFT_VERSION = 5.0;
				TARGETED_DEVICE_FAMILY = "1,2";
			};
			name = Release;
		};
		001A670C2B99F0EF006C9425 /* Debug */ = {
			isa = XCBuildConfiguration;
			buildSettings = {
				ALWAYS_EMBED_SWIFT_STANDARD_LIBRARIES = YES;
				BUNDLE_LOADER = "$(TEST_HOST)";
				CODE_SIGN_STYLE = Automatic;
				CURRENT_PROJECT_VERSION = 1;
				GENERATE_INFOPLIST_FILE = YES;
				IPHONEOS_DEPLOYMENT_TARGET = 17.0;
				MARKETING_VERSION = 1.0;
				PRODUCT_BUNDLE_IDENTIFIER = "-.MentorMatchTests";
				PRODUCT_NAME = "$(TARGET_NAME)";
				SWIFT_EMIT_LOC_STRINGS = NO;
				SWIFT_VERSION = 5.0;
				TARGETED_DEVICE_FAMILY = "1,2";
				TEST_HOST = "$(BUILT_PRODUCTS_DIR)/MentorMatch.app/$(BUNDLE_EXECUTABLE_FOLDER_PATH)/MentorMatch";
			};
			name = Debug;
		};
		001A670D2B99F0EF006C9425 /* Release */ = {
			isa = XCBuildConfiguration;
			buildSettings = {
				ALWAYS_EMBED_SWIFT_STANDARD_LIBRARIES = YES;
				BUNDLE_LOADER = "$(TEST_HOST)";
				CODE_SIGN_STYLE = Automatic;
				CURRENT_PROJECT_VERSION = 1;
				GENERATE_INFOPLIST_FILE = YES;
				IPHONEOS_DEPLOYMENT_TARGET = 17.0;
				MARKETING_VERSION = 1.0;
				PRODUCT_BUNDLE_IDENTIFIER = "-.MentorMatchTests";
				PRODUCT_NAME = "$(TARGET_NAME)";
				SWIFT_EMIT_LOC_STRINGS = NO;
				SWIFT_VERSION = 5.0;
				TARGETED_DEVICE_FAMILY = "1,2";
				TEST_HOST = "$(BUILT_PRODUCTS_DIR)/MentorMatch.app/$(BUNDLE_EXECUTABLE_FOLDER_PATH)/MentorMatch";
			};
			name = Release;
		};
		001A670F2B99F0EF006C9425 /* Debug */ = {
			isa = XCBuildConfiguration;
			buildSettings = {
				ALWAYS_EMBED_SWIFT_STANDARD_LIBRARIES = YES;
				CODE_SIGN_STYLE = Automatic;
				CURRENT_PROJECT_VERSION = 1;
				GENERATE_INFOPLIST_FILE = YES;
				MARKETING_VERSION = 1.0;
				PRODUCT_BUNDLE_IDENTIFIER = "-.MentorMatchUITests";
				PRODUCT_NAME = "$(TARGET_NAME)";
				SWIFT_EMIT_LOC_STRINGS = NO;
				SWIFT_VERSION = 5.0;
				TARGETED_DEVICE_FAMILY = "1,2";
				TEST_TARGET_NAME = MentorMatch;
			};
			name = Debug;
		};
		001A67102B99F0EF006C9425 /* Release */ = {
			isa = XCBuildConfiguration;
			buildSettings = {
				ALWAYS_EMBED_SWIFT_STANDARD_LIBRARIES = YES;
				CODE_SIGN_STYLE = Automatic;
				CURRENT_PROJECT_VERSION = 1;
				GENERATE_INFOPLIST_FILE = YES;
				MARKETING_VERSION = 1.0;
				PRODUCT_BUNDLE_IDENTIFIER = "-.MentorMatchUITests";
				PRODUCT_NAME = "$(TARGET_NAME)";
				SWIFT_EMIT_LOC_STRINGS = NO;
				SWIFT_VERSION = 5.0;
				TARGETED_DEVICE_FAMILY = "1,2";
				TEST_TARGET_NAME = MentorMatch;
			};
			name = Release;
		};
/* End XCBuildConfiguration section */

/* Begin XCConfigurationList section */
		001A66DF2B99F0EE006C9425 /* Build configuration list for PBXProject "MentorMatch" */ = {
			isa = XCConfigurationList;
			buildConfigurations = (
				001A67062B99F0EF006C9425 /* Debug */,
				001A67072B99F0EF006C9425 /* Release */,
			);
			defaultConfigurationIsVisible = 0;
			defaultConfigurationName = Release;
		};
		001A67082B99F0EF006C9425 /* Build configuration list for PBXNativeTarget "MentorMatch" */ = {
			isa = XCConfigurationList;
			buildConfigurations = (
				001A67092B99F0EF006C9425 /* Debug */,
				001A670A2B99F0EF006C9425 /* Release */,
			);
			defaultConfigurationIsVisible = 0;
			defaultConfigurationName = Release;
		};
		001A670B2B99F0EF006C9425 /* Build configuration list for PBXNativeTarget "MentorMatchTests" */ = {
			isa = XCConfigurationList;
			buildConfigurations = (
				001A670C2B99F0EF006C9425 /* Debug */,
				001A670D2B99F0EF006C9425 /* Release */,
			);
			defaultConfigurationIsVisible = 0;
			defaultConfigurationName = Release;
		};
		001A670E2B99F0EF006C9425 /* Build configuration list for PBXNativeTarget "MentorMatchUITests" */ = {
			isa = XCConfigurationList;
			buildConfigurations = (
				001A670F2B99F0EF006C9425 /* Debug */,
				001A67102B99F0EF006C9425 /* Release */,
			);
			defaultConfigurationIsVisible = 0;
			defaultConfigurationName = Release;
		};
/* End XCConfigurationList section */

/* Begin XCRemoteSwiftPackageReference section */
		0062D8522BA397DD00219D5A /* XCRemoteSwiftPackageReference "firebase-ios-sdk" */ = {
			isa = XCRemoteSwiftPackageReference;
			repositoryURL = "https://github.com/firebase/firebase-ios-sdk";
			requirement = {
				kind = upToNextMajorVersion;
				minimumVersion = 10.22.1;
			};
		};
/* End XCRemoteSwiftPackageReference section */

/* Begin XCSwiftPackageProductDependency section */
		0062D8532BA397DD00219D5A /* FirebaseAuth */ = {
			isa = XCSwiftPackageProductDependency;
			package = 0062D8522BA397DD00219D5A /* XCRemoteSwiftPackageReference "firebase-ios-sdk" */;
			productName = FirebaseAuth;
		};
		0062D8552BA397DD00219D5A /* FirebaseDatabase */ = {
			isa = XCSwiftPackageProductDependency;
			package = 0062D8522BA397DD00219D5A /* XCRemoteSwiftPackageReference "firebase-ios-sdk" */;
			productName = FirebaseDatabase;
		};
		0062D8572BA397DD00219D5A /* FirebaseFirestore */ = {
			isa = XCSwiftPackageProductDependency;
			package = 0062D8522BA397DD00219D5A /* XCRemoteSwiftPackageReference "firebase-ios-sdk" */;
			productName = FirebaseFirestore;
		};
		0062D8592BA397DD00219D5A /* FirebaseInAppMessaging-Beta */ = {
			isa = XCSwiftPackageProductDependency;
			package = 0062D8522BA397DD00219D5A /* XCRemoteSwiftPackageReference "firebase-ios-sdk" */;
			productName = "FirebaseInAppMessaging-Beta";
		};
		0062D85B2BA397DD00219D5A /* FirebaseInAppMessagingSwift-Beta */ = {
			isa = XCSwiftPackageProductDependency;
			package = 0062D8522BA397DD00219D5A /* XCRemoteSwiftPackageReference "firebase-ios-sdk" */;
			productName = "FirebaseInAppMessagingSwift-Beta";
		};
		0062D85D2BA397DD00219D5A /* FirebaseStorage */ = {
			isa = XCSwiftPackageProductDependency;
			package = 0062D8522BA397DD00219D5A /* XCRemoteSwiftPackageReference "firebase-ios-sdk" */;
			productName = FirebaseStorage;
		};
/* End XCSwiftPackageProductDependency section */
	};
	rootObject = 001A66DC2B99F0EE006C9425 /* Project object */;
}
