// !$*UTF8*$!
{
	archiveVersion = 1;
	classes = {
	};
	objectVersion = 56;
	objects = {

/* Begin PBXBuildFile section */
		001A66E82B99F0EE006C9425 /* MentorMatchApp.swift in Sources */ = {isa = PBXBuildFile; fileRef = 001A66E72B99F0EE006C9425 /* MentorMatchApp.swift */; };
		001A66EA2B99F0EE006C9425 /* ContentView.swift in Sources */ = {isa = PBXBuildFile; fileRef = 001A66E92B99F0EE006C9425 /* ContentView.swift */; };
		001A66EC2B99F0EF006C9425 /* Assets.xcassets in Resources */ = {isa = PBXBuildFile; fileRef = 001A66EB2B99F0EF006C9425 /* Assets.xcassets */; };
		001A66EF2B99F0EF006C9425 /* Preview Assets.xcassets in Resources */ = {isa = PBXBuildFile; fileRef = 001A66EE2B99F0EF006C9425 /* Preview Assets.xcassets */; };
		001A66F92B99F0EF006C9425 /* MentorMatchTests.swift in Sources */ = {isa = PBXBuildFile; fileRef = 001A66F82B99F0EF006C9425 /* MentorMatchTests.swift */; };
		001A67032B99F0EF006C9425 /* MentorMatchUITests.swift in Sources */ = {isa = PBXBuildFile; fileRef = 001A67022B99F0EF006C9425 /* MentorMatchUITests.swift */; };
		001A67052B99F0EF006C9425 /* MentorMatchUITestsLaunchTests.swift in Sources */ = {isa = PBXBuildFile; fileRef = 001A67042B99F0EF006C9425 /* MentorMatchUITestsLaunchTests.swift */; };
/* End PBXBuildFile section */

/* Begin PBXContainerItemProxy section */
		001A66F52B99F0EF006C9425 /* PBXContainerItemProxy */ = {
			isa = PBXContainerItemProxy;
			containerPortal = 001A66DC2B99F0EE006C9425 /* Project object */;
			proxyType = 1;
			remoteGlobalIDString = 001A66E32B99F0EE006C9425;
			remoteInfo = MentorMatch;
		};
		001A66FF2B99F0EF006C9425 /* PBXContainerItemProxy */ = {
			isa = PBXContainerItemProxy;
			containerPortal = 001A66DC2B99F0EE006C9425 /* Project object */;
			proxyType = 1;
			remoteGlobalIDString = 001A66E32B99F0EE006C9425;
			remoteInfo = MentorMatch;
		};
/* End PBXContainerItemProxy section */

/* Begin PBXFileReference section */
		001A66E42B99F0EE006C9425 /* MentorMatch.app */ = {isa = PBXFileReference; explicitFileType = wrapper.application; includeInIndex = 0; path = MentorMatch.app; sourceTree = BUILT_PRODUCTS_DIR; };
		001A66E72B99F0EE006C9425 /* MentorMatchApp.swift */ = {isa = PBXFileReference; lastKnownFileType = sourcecode.swift; path = MentorMatchApp.swift; sourceTree = "<group>"; };
		001A66E92B99F0EE006C9425 /* ContentView.swift */ = {isa = PBXFileReference; lastKnownFileType = sourcecode.swift; path = ContentView.swift; sourceTree = "<group>"; };
		001A66EB2B99F0EF006C9425 /* Assets.xcassets */ = {isa = PBXFileReference; lastKnownFileType = folder.assetcatalog; path = Assets.xcassets; sourceTree = "<group>"; };
		001A66EE2B99F0EF006C9425 /* Preview Assets.xcassets */ = {isa = PBXFileReference; lastKnownFileType = folder.assetcatalog; path = "Preview Assets.xcassets"; sourceTree = "<group>"; };
		001A66F42B99F0EF006C9425 /* MentorMatchTests.xctest */ = {isa = PBXFileReference; explicitFileType = wrapper.cfbundle; includeInIndex = 0; path = MentorMatchTests.xctest; sourceTree = BUILT_PRODUCTS_DIR; };
		001A66F82B99F0EF006C9425 /* MentorMatchTests.swift */ = {isa = PBXFileReference; lastKnownFileType = sourcecode.swift; path = MentorMatchTests.swift; sourceTree = "<group>"; };
		001A66FE2B99F0EF006C9425 /* MentorMatchUITests.xctest */ = {isa = PBXFileReference; explicitFileType = wrapper.cfbundle; includeInIndex = 0; path = MentorMatchUITests.xctest; sourceTree = BUILT_PRODUCTS_DIR; };
		001A67022B99F0EF006C9425 /* MentorMatchUITests.swift */ = {isa = PBXFileReference; lastKnownFileType = sourcecode.swift; path = MentorMatchUITests.swift; sourceTree = "<group>"; };
		001A67042B99F0EF006C9425 /* MentorMatchUITestsLaunchTests.swift */ = {isa = PBXFileReference; lastKnownFileType = sourcecode.swift; path = MentorMatchUITestsLaunchTests.swift; sourceTree = "<group>"; };
/* End PBXFileReference section */

/* Begin PBXFrameworksBuildPhase section */
		001A66E12B99F0EE006C9425 /* Frameworks */ = {
			isa = PBXFrameworksBuildPhase;
			buildActionMask = 2147483647;
			files = (
			);
			runOnlyForDeploymentPostprocessing = 0;
		};
		001A66F12B99F0EF006C9425 /* Frameworks */ = {
			isa = PBXFrameworksBuildPhase;
			buildActionMask = 2147483647;
			files = (
			);
			runOnlyForDeploymentPostprocessing = 0;
		};
		001A66FB2B99F0EF006C9425 /* Frameworks */ = {
			isa = PBXFrameworksBuildPhase;
			buildActionMask = 2147483647;
			files = (
			);
			runOnlyForDeploymentPostprocessing = 0;
		};
/* End PBXFrameworksBuildPhase section */

/* Begin PBXGroup section */
		001A66DB2B99F0EE006C9425 = {
			isa = PBXGroup;
			children = (
				001A66E62B99F0EE006C9425 /* MentorMatch */,
				001A66F72B99F0EF006C9425 /* MentorMatchTests */,
				001A67012B99F0EF006C9425 /* MentorMatchUITests */,
				001A66E52B99F0EE006C9425 /* Products */,
			);
			sourceTree = "<group>";
		};
		001A66E52B99F0EE006C9425 /* Products */ = {
			isa = PBXGroup;
			children = (
				001A66E42B99F0EE006C9425 /* MentorMatch.app */,
				001A66F42B99F0EF006C9425 /* MentorMatchTests.xctest */,
				001A66FE2B99F0EF006C9425 /* MentorMatchUITests.xctest */,
			);
			name = Products;
			sourceTree = "<group>";
		};
		001A66E62B99F0EE006C9425 /* MentorMatch */ = {
			isa = PBXGroup;
			children = (
				001A66E72B99F0EE006C9425 /* MentorMatchApp.swift */,
				001A66E92B99F0EE006C9425 /* ContentView.swift */,
				001A66EB2B99F0EF006C9425 /* Assets.xcassets */,
				001A66ED2B99F0EF006C9425 /* Preview Content */,
			);
			path = MentorMatch;
			sourceTree = "<group>";
		};
		001A66ED2B99F0EF006C9425 /* Preview Content */ = {
			isa = PBXGroup;
			children = (
				001A66EE2B99F0EF006C9425 /* Preview Assets.xcassets */,
			);
			path = "Preview Content";
			sourceTree = "<group>";
		};
		001A66F72B99F0EF006C9425 /* MentorMatchTests */ = {
			isa = PBXGroup;
			children = (
				001A66F82B99F0EF006C9425 /* MentorMatchTests.swift */,
			);
			path = MentorMatchTests;
			sourceTree = "<group>";
		};
		001A67012B99F0EF006C9425 /* MentorMatchUITests */ = {
			isa = PBXGroup;
			children = (
				001A67022B99F0EF006C9425 /* MentorMatchUITests.swift */,
				001A67042B99F0EF006C9425 /* MentorMatchUITestsLaunchTests.swift */,
			);
			path = MentorMatchUITests;
			sourceTree = "<group>";
		};
/* End PBXGroup section */

/* Begin PBXNativeTarget section */
		001A66E32B99F0EE006C9425 /* MentorMatch */ = {
			isa = PBXNativeTarget;
			buildConfigurationList = 001A67082B99F0EF006C9425 /* Build configuration list for PBXNativeTarget "MentorMatch" */;
			buildPhases = (
				001A66E02B99F0EE006C9425 /* Sources */,
				001A66E12B99F0EE006C9425 /* Frameworks */,
				001A66E22B99F0EE006C9425 /* Resources */,
			);
			buildRules = (
			);
			dependencies = (
			);
			name = MentorMatch;
			productName = MentorMatch;
			productReference = 001A66E42B99F0EE006C9425 /* MentorMatch.app */;
			productType = "com.apple.product-type.application";
		};
		001A66F32B99F0EF006C9425 /* MentorMatchTests */ = {
			isa = PBXNativeTarget;
			buildConfigurationList = 001A670B2B99F0EF006C9425 /* Build configuration list for PBXNativeTarget "MentorMatchTests" */;
			buildPhases = (
				001A66F02B99F0EF006C9425 /* Sources */,
				001A66F12B99F0EF006C9425 /* Frameworks */,
				001A66F22B99F0EF006C9425 /* Resources */,
			);
			buildRules = (
			);
			dependencies = (
				001A66F62B99F0EF006C9425 /* PBXTargetDependency */,
			);
			name = MentorMatchTests;
			productName = MentorMatchTests;
			productReference = 001A66F42B99F0EF006C9425 /* MentorMatchTests.xctest */;
			productType = "com.apple.product-type.bundle.unit-test";
		};
		001A66FD2B99F0EF006C9425 /* MentorMatchUITests */ = {
			isa = PBXNativeTarget;
			buildConfigurationList = 001A670E2B99F0EF006C9425 /* Build configuration list for PBXNativeTarget "MentorMatchUITests" */;
			buildPhases = (
				001A66FA2B99F0EF006C9425 /* Sources */,
				001A66FB2B99F0EF006C9425 /* Frameworks */,
				001A66FC2B99F0EF006C9425 /* Resources */,
			);
			buildRules = (
			);
			dependencies = (
				001A67002B99F0EF006C9425 /* PBXTargetDependency */,
			);
			name = MentorMatchUITests;
			productName = MentorMatchUITests;
			productReference = 001A66FE2B99F0EF006C9425 /* MentorMatchUITests.xctest */;
			productType = "com.apple.product-type.bundle.ui-testing";
		};
/* End PBXNativeTarget section */

/* Begin PBXProject section */
		001A66DC2B99F0EE006C9425 /* Project object */ = {
			isa = PBXProject;
			attributes = {
				BuildIndependentTargetsInParallel = 1;
				LastSwiftUpdateCheck = 1500;
				LastUpgradeCheck = 1500;
				TargetAttributes = {
					001A66E32B99F0EE006C9425 = {
						CreatedOnToolsVersion = 15.0.1;
					};
					001A66F32B99F0EF006C9425 = {
						CreatedOnToolsVersion = 15.0.1;
						TestTargetID = 001A66E32B99F0EE006C9425;
					};
					001A66FD2B99F0EF006C9425 = {
						CreatedOnToolsVersion = 15.0.1;
						TestTargetID = 001A66E32B99F0EE006C9425;
					};
				};
			};
			buildConfigurationList = 001A66DF2B99F0EE006C9425 /* Build configuration list for PBXProject "MentorMatch" */;
			compatibilityVersion = "Xcode 14.0";
			developmentRegion = en;
			hasScannedForEncodings = 0;
			knownRegions = (
				en,
				Base,
			);
			mainGroup = 001A66DB2B99F0EE006C9425;
			productRefGroup = 001A66E52B99F0EE006C9425 /* Products */;
			projectDirPath = "";
			projectRoot = "";
			targets = (
				001A66E32B99F0EE006C9425 /* MentorMatch */,
				001A66F32B99F0EF006C9425 /* MentorMatchTests */,
				001A66FD2B99F0EF006C9425 /* MentorMatchUITests */,
			);
		};
/* End PBXProject section */

/* Begin PBXResourcesBuildPhase section */
		001A66E22B99F0EE006C9425 /* Resources */ = {
			isa = PBXResourcesBuildPhase;
			buildActionMask = 2147483647;
			files = (
				001A66EF2B99F0EF006C9425 /* Preview Assets.xcassets in Resources */,
				001A66EC2B99F0EF006C9425 /* Assets.xcassets in Resources */,
			);
			runOnlyForDeploymentPostprocessing = 0;
		};
		001A66F22B99F0EF006C9425 /* Resources */ = {
			isa = PBXResourcesBuildPhase;
			buildActionMask = 2147483647;
			files = (
			);
			runOnlyForDeploymentPostprocessing = 0;
		};
		001A66FC2B99F0EF006C9425 /* Resources */ = {
			isa = PBXResourcesBuildPhase;
			buildActionMask = 2147483647;
			files = (
			);
			runOnlyForDeploymentPostprocessing = 0;
		};
/* End PBXResourcesBuildPhase section */

/* Begin PBXSourcesBuildPhase section */
		001A66E02B99F0EE006C9425 /* Sources */ = {
			isa = PBXSourcesBuildPhase;
			buildActionMask = 2147483647;
			files = (
				001A66EA2B99F0EE006C9425 /* ContentView.swift in Sources */,
				001A66E82B99F0EE006C9425 /* MentorMatchApp.swift in Sources */,
			);
			runOnlyForDeploymentPostprocessing = 0;
		};
		001A66F02B99F0EF006C9425 /* Sources */ = {
			isa = PBXSourcesBuildPhase;
			buildActionMask = 2147483647;
			files = (
				001A66F92B99F0EF006C9425 /* MentorMatchTests.swift in Sources */,
			);
			runOnlyForDeploymentPostprocessing = 0;
		};
		001A66FA2B99F0EF006C9425 /* Sources */ = {
			isa = PBXSourcesBuildPhase;
			buildActionMask = 2147483647;
			files = (
				001A67032B99F0EF006C9425 /* MentorMatchUITests.swift in Sources */,
				001A67052B99F0EF006C9425 /* MentorMatchUITestsLaunchTests.swift in Sources */,
			);
			runOnlyForDeploymentPostprocessing = 0;
		};
/* End PBXSourcesBuildPhase section */

/* Begin PBXTargetDependency section */
		001A66F62B99F0EF006C9425 /* PBXTargetDependency */ = {
			isa = PBXTargetDependency;
			target = 001A66E32B99F0EE006C9425 /* MentorMatch */;
			targetProxy = 001A66F52B99F0EF006C9425 /* PBXContainerItemProxy */;
		};
		001A67002B99F0EF006C9425 /* PBXTargetDependency */ = {
			isa = PBXTargetDependency;
			target = 001A66E32B99F0EE006C9425 /* MentorMatch */;
			targetProxy = 001A66FF2B99F0EF006C9425 /* PBXContainerItemProxy */;
		};
/* End PBXTargetDependency section */

/* Begin XCBuildConfiguration section */
		001A67062B99F0EF006C9425 /* Debug */ = {
			isa = XCBuildConfiguration;
			buildSettings = {
				ALWAYS_SEARCH_USER_PATHS = NO;
				ASSETCATALOG_COMPILER_GENERATE_SWIFT_ASSET_SYMBOL_EXTENSIONS = YES;
				CLANG_ANALYZER_NONNULL = YES;
				CLANG_ANALYZER_NUMBER_OBJECT_CONVERSION = YES_AGGRESSIVE;
				CLANG_CXX_LANGUAGE_STANDARD = "gnu++20";
				CLANG_ENABLE_MODULES = YES;
				CLANG_ENABLE_OBJC_ARC = YES;
				CLANG_ENABLE_OBJC_WEAK = YES;
				CLANG_WARN_BLOCK_CAPTURE_AUTORELEASING = YES;
				CLANG_WARN_BOOL_CONVERSION = YES;
				CLANG_WARN_COMMA = YES;
				CLANG_WARN_CONSTANT_CONVERSION = YES;
				CLANG_WARN_DEPRECATED_OBJC_IMPLEMENTATIONS = YES;
				CLANG_WARN_DIRECT_OBJC_ISA_USAGE = YES_ERROR;
				CLANG_WARN_DOCUMENTATION_COMMENTS = YES;
				CLANG_WARN_EMPTY_BODY = YES;
				CLANG_WARN_ENUM_CONVERSION = YES;
				CLANG_WARN_INFINITE_RECURSION = YES;
				CLANG_WARN_INT_CONVERSION = YES;
				CLANG_WARN_NON_LITERAL_NULL_CONVERSION = YES;
				CLANG_WARN_OBJC_IMPLICIT_RETAIN_SELF = YES;
				CLANG_WARN_OBJC_LITERAL_CONVERSION = YES;
				CLANG_WARN_OBJC_ROOT_CLASS = YES_ERROR;
				CLANG_WARN_QUOTED_INCLUDE_IN_FRAMEWORK_HEADER = YES;
				CLANG_WARN_RANGE_LOOP_ANALYSIS = YES;
				CLANG_WARN_STRICT_PROTOTYPES = YES;
				CLANG_WARN_SUSPICIOUS_MOVE = YES;
				CLANG_WARN_UNGUARDED_AVAILABILITY = YES_AGGRESSIVE;
				CLANG_WARN_UNREACHABLE_CODE = YES;
				CLANG_WARN__DUPLICATE_METHOD_MATCH = YES;
				COPY_PHASE_STRIP = NO;
				DEBUG_INFORMATION_FORMAT = dwarf;
				ENABLE_STRICT_OBJC_MSGSEND = YES;
				ENABLE_TESTABILITY = YES;
				ENABLE_USER_SCRIPT_SANDBOXING = YES;
				GCC_C_LANGUAGE_STANDARD = gnu17;
				GCC_DYNAMIC_NO_PIC = NO;
				GCC_NO_COMMON_BLOCKS = YES;
				GCC_OPTIMIZATION_LEVEL = 0;
				GCC_PREPROCESSOR_DEFINITIONS = (
					"DEBUG=1",
					"$(inherited)",
				);
				GCC_WARN_64_TO_32_BIT_CONVERSION = YES;
				GCC_WARN_ABOUT_RETURN_TYPE = YES_ERROR;
				GCC_WARN_UNDECLARED_SELECTOR = YES;
				GCC_WARN_UNINITIALIZED_AUTOS = YES_AGGRESSIVE;
				GCC_WARN_UNUSED_FUNCTION = YES;
				GCC_WARN_UNUSED_VARIABLE = YES;
				IPHONEOS_DEPLOYMENT_TARGET = 17.0;
				LOCALIZATION_PREFERS_STRING_CATALOGS = YES;
				MTL_ENABLE_DEBUG_INFO = INCLUDE_SOURCE;
				MTL_FAST_MATH = YES;
				ONLY_ACTIVE_ARCH = YES;
				SDKROOT = iphoneos;
				SWIFT_ACTIVE_COMPILATION_CONDITIONS = "DEBUG $(inherited)";
				SWIFT_OPTIMIZATION_LEVEL = "-Onone";
			};
			name = Debug;
		};
		001A67072B99F0EF006C9425 /* Release */ = {
			isa = XCBuildConfiguration;
			buildSettings = {
				ALWAYS_SEARCH_USER_PATHS = NO;
				ASSETCATALOG_COMPILER_GENERATE_SWIFT_ASSET_SYMBOL_EXTENSIONS = YES;
				CLANG_ANALYZER_NONNULL = YES;
				CLANG_ANALYZER_NUMBER_OBJECT_CONVERSION = YES_AGGRESSIVE;
				CLANG_CXX_LANGUAGE_STANDARD = "gnu++20";
				CLANG_ENABLE_MODULES = YES;
				CLANG_ENABLE_OBJC_ARC = YES;
				CLANG_ENABLE_OBJC_WEAK = YES;
				CLANG_WARN_BLOCK_CAPTURE_AUTORELEASING = YES;
				CLANG_WARN_BOOL_CONVERSION = YES;
				CLANG_WARN_COMMA = YES;
				CLANG_WARN_CONSTANT_CONVERSION = YES;
				CLANG_WARN_DEPRECATED_OBJC_IMPLEMENTATIONS = YES;
				CLANG_WARN_DIRECT_OBJC_ISA_USAGE = YES_ERROR;
				CLANG_WARN_DOCUMENTATION_COMMENTS = YES;
				CLANG_WARN_EMPTY_BODY = YES;
				CLANG_WARN_ENUM_CONVERSION = YES;
				CLANG_WARN_INFINITE_RECURSION = YES;
				CLANG_WARN_INT_CONVERSION = YES;
				CLANG_WARN_NON_LITERAL_NULL_CONVERSION = YES;
				CLANG_WARN_OBJC_IMPLICIT_RETAIN_SELF = YES;
				CLANG_WARN_OBJC_LITERAL_CONVERSION = YES;
				CLANG_WARN_OBJC_ROOT_CLASS = YES_ERROR;
				CLANG_WARN_QUOTED_INCLUDE_IN_FRAMEWORK_HEADER = YES;
				CLANG_WARN_RANGE_LOOP_ANALYSIS = YES;
				CLANG_WARN_STRICT_PROTOTYPES = YES;
				CLANG_WARN_SUSPICIOUS_MOVE = YES;
				CLANG_WARN_UNGUARDED_AVAILABILITY = YES_AGGRESSIVE;
				CLANG_WARN_UNREACHABLE_CODE = YES;
				CLANG_WARN__DUPLICATE_METHOD_MATCH = YES;
				COPY_PHASE_STRIP = NO;
				DEBUG_INFORMATION_FORMAT = "dwarf-with-dsym";
				ENABLE_NS_ASSERTIONS = NO;
				ENABLE_STRICT_OBJC_MSGSEND = YES;
				ENABLE_USER_SCRIPT_SANDBOXING = YES;
				GCC_C_LANGUAGE_STANDARD = gnu17;
				GCC_NO_COMMON_BLOCKS = YES;
				GCC_WARN_64_TO_32_BIT_CONVERSION = YES;
				GCC_WARN_ABOUT_RETURN_TYPE = YES_ERROR;
				GCC_WARN_UNDECLARED_SELECTOR = YES;
				GCC_WARN_UNINITIALIZED_AUTOS = YES_AGGRESSIVE;
				GCC_WARN_UNUSED_FUNCTION = YES;
				GCC_WARN_UNUSED_VARIABLE = YES;
				IPHONEOS_DEPLOYMENT_TARGET = 17.0;
				LOCALIZATION_PREFERS_STRING_CATALOGS = YES;
				MTL_ENABLE_DEBUG_INFO = NO;
				MTL_FAST_MATH = YES;
				SDKROOT = iphoneos;
				SWIFT_COMPILATION_MODE = wholemodule;
				VALIDATE_PRODUCT = YES;
			};
			name = Release;
		};
		001A67092B99F0EF006C9425 /* Debug */ = {
			isa = XCBuildConfiguration;
			buildSettings = {
				ASSETCATALOG_COMPILER_APPICON_NAME = AppIcon;
				ASSETCATALOG_COMPILER_GLOBAL_ACCENT_COLOR_NAME = AccentColor;
				CODE_SIGN_STYLE = Automatic;
				CURRENT_PROJECT_VERSION = 1;
				DEVELOPMENT_ASSET_PATHS = "\"MentorMatch/Preview Content\"";
				ENABLE_PREVIEWS = YES;
				GENERATE_INFOPLIST_FILE = YES;
				INFOPLIST_KEY_UIApplicationSceneManifest_Generation = YES;
				INFOPLIST_KEY_UIApplicationSupportsIndirectInputEvents = YES;
				INFOPLIST_KEY_UILaunchScreen_Generation = YES;
				INFOPLIST_KEY_UISupportedInterfaceOrientations_iPad = "UIInterfaceOrientationPortrait UIInterfaceOrientationPortraitUpsideDown UIInterfaceOrientationLandscapeLeft UIInterfaceOrientationLandscapeRight";
				INFOPLIST_KEY_UISupportedInterfaceOrientations_iPhone = "UIInterfaceOrientationPortrait UIInterfaceOrientationLandscapeLeft UIInterfaceOrientationLandscapeRight";
				LD_RUNPATH_SEARCH_PATHS = (
					"$(inherited)",
					"@executable_path/Frameworks",
				);
				MARKETING_VERSION = 1.0;
				PRODUCT_BUNDLE_IDENTIFIER = "-.MentorMatch";
				PRODUCT_NAME = "$(TARGET_NAME)";
				SWIFT_EMIT_LOC_STRINGS = YES;
				SWIFT_VERSION = 5.0;
				TARGETED_DEVICE_FAMILY = "1,2";
			};
			name = Debug;
		};
		001A670A2B99F0EF006C9425 /* Release */ = {
			isa = XCBuildConfiguration;
			buildSettings = {
				ASSETCATALOG_COMPILER_APPICON_NAME = AppIcon;
				ASSETCATALOG_COMPILER_GLOBAL_ACCENT_COLOR_NAME = AccentColor;
				CODE_SIGN_STYLE = Automatic;
				CURRENT_PROJECT_VERSION = 1;
				DEVELOPMENT_ASSET_PATHS = "\"MentorMatch/Preview Content\"";
				ENABLE_PREVIEWS = YES;
				GENERATE_INFOPLIST_FILE = YES;
				INFOPLIST_KEY_UIApplicationSceneManifest_Generation = YES;
				INFOPLIST_KEY_UIApplicationSupportsIndirectInputEvents = YES;
				INFOPLIST_KEY_UILaunchScreen_Generation = YES;
				INFOPLIST_KEY_UISupportedInterfaceOrientations_iPad = "UIInterfaceOrientationPortrait UIInterfaceOrientationPortraitUpsideDown UIInterfaceOrientationLandscapeLeft UIInterfaceOrientationLandscapeRight";
				INFOPLIST_KEY_UISupportedInterfaceOrientations_iPhone = "UIInterfaceOrientationPortrait UIInterfaceOrientationLandscapeLeft UIInterfaceOrientationLandscapeRight";
				LD_RUNPATH_SEARCH_PATHS = (
					"$(inherited)",
					"@executable_path/Frameworks",
				);
				MARKETING_VERSION = 1.0;
				PRODUCT_BUNDLE_IDENTIFIER = "-.MentorMatch";
				PRODUCT_NAME = "$(TARGET_NAME)";
				SWIFT_EMIT_LOC_STRINGS = YES;
				SWIFT_VERSION = 5.0;
				TARGETED_DEVICE_FAMILY = "1,2";
			};
			name = Release;
		};
		001A670C2B99F0EF006C9425 /* Debug */ = {
			isa = XCBuildConfiguration;
			buildSettings = {
				ALWAYS_EMBED_SWIFT_STANDARD_LIBRARIES = YES;
				BUNDLE_LOADER = "$(TEST_HOST)";
				CODE_SIGN_STYLE = Automatic;
				CURRENT_PROJECT_VERSION = 1;
				GENERATE_INFOPLIST_FILE = YES;
				IPHONEOS_DEPLOYMENT_TARGET = 17.0;
				MARKETING_VERSION = 1.0;
				PRODUCT_BUNDLE_IDENTIFIER = "-.MentorMatchTests";
				PRODUCT_NAME = "$(TARGET_NAME)";
				SWIFT_EMIT_LOC_STRINGS = NO;
				SWIFT_VERSION = 5.0;
				TARGETED_DEVICE_FAMILY = "1,2";
				TEST_HOST = "$(BUILT_PRODUCTS_DIR)/MentorMatch.app/$(BUNDLE_EXECUTABLE_FOLDER_PATH)/MentorMatch";
			};
			name = Debug;
		};
		001A670D2B99F0EF006C9425 /* Release */ = {
			isa = XCBuildConfiguration;
			buildSettings = {
				ALWAYS_EMBED_SWIFT_STANDARD_LIBRARIES = YES;
				BUNDLE_LOADER = "$(TEST_HOST)";
				CODE_SIGN_STYLE = Automatic;
				CURRENT_PROJECT_VERSION = 1;
				GENERATE_INFOPLIST_FILE = YES;
				IPHONEOS_DEPLOYMENT_TARGET = 17.0;
				MARKETING_VERSION = 1.0;
				PRODUCT_BUNDLE_IDENTIFIER = "-.MentorMatchTests";
				PRODUCT_NAME = "$(TARGET_NAME)";
				SWIFT_EMIT_LOC_STRINGS = NO;
				SWIFT_VERSION = 5.0;
				TARGETED_DEVICE_FAMILY = "1,2";
				TEST_HOST = "$(BUILT_PRODUCTS_DIR)/MentorMatch.app/$(BUNDLE_EXECUTABLE_FOLDER_PATH)/MentorMatch";
			};
			name = Release;
		};
		001A670F2B99F0EF006C9425 /* Debug */ = {
			isa = XCBuildConfiguration;
			buildSettings = {
				ALWAYS_EMBED_SWIFT_STANDARD_LIBRARIES = YES;
				CODE_SIGN_STYLE = Automatic;
				CURRENT_PROJECT_VERSION = 1;
				GENERATE_INFOPLIST_FILE = YES;
				MARKETING_VERSION = 1.0;
				PRODUCT_BUNDLE_IDENTIFIER = "-.MentorMatchUITests";
				PRODUCT_NAME = "$(TARGET_NAME)";
				SWIFT_EMIT_LOC_STRINGS = NO;
				SWIFT_VERSION = 5.0;
				TARGETED_DEVICE_FAMILY = "1,2";
				TEST_TARGET_NAME = MentorMatch;
			};
			name = Debug;
		};
		001A67102B99F0EF006C9425 /* Release */ = {
			isa = XCBuildConfiguration;
			buildSettings = {
				ALWAYS_EMBED_SWIFT_STANDARD_LIBRARIES = YES;
				CODE_SIGN_STYLE = Automatic;
				CURRENT_PROJECT_VERSION = 1;
				GENERATE_INFOPLIST_FILE = YES;
				MARKETING_VERSION = 1.0;
				PRODUCT_BUNDLE_IDENTIFIER = "-.MentorMatchUITests";
				PRODUCT_NAME = "$(TARGET_NAME)";
				SWIFT_EMIT_LOC_STRINGS = NO;
				SWIFT_VERSION = 5.0;
				TARGETED_DEVICE_FAMILY = "1,2";
				TEST_TARGET_NAME = MentorMatch;
			};
			name = Release;
		};
/* End XCBuildConfiguration section */

/* Begin XCConfigurationList section */
		001A66DF2B99F0EE006C9425 /* Build configuration list for PBXProject "MentorMatch" */ = {
			isa = XCConfigurationList;
			buildConfigurations = (
				001A67062B99F0EF006C9425 /* Debug */,
				001A67072B99F0EF006C9425 /* Release */,
			);
			defaultConfigurationIsVisible = 0;
			defaultConfigurationName = Release;
		};
		001A67082B99F0EF006C9425 /* Build configuration list for PBXNativeTarget "MentorMatch" */ = {
			isa = XCConfigurationList;
			buildConfigurations = (
				001A67092B99F0EF006C9425 /* Debug */,
				001A670A2B99F0EF006C9425 /* Release */,
			);
			defaultConfigurationIsVisible = 0;
			defaultConfigurationName = Release;
		};
		001A670B2B99F0EF006C9425 /* Build configuration list for PBXNativeTarget "MentorMatchTests" */ = {
			isa = XCConfigurationList;
			buildConfigurations = (
				001A670C2B99F0EF006C9425 /* Debug */,
				001A670D2B99F0EF006C9425 /* Release */,
			);
			defaultConfigurationIsVisible = 0;
			defaultConfigurationName = Release;
		};
		001A670E2B99F0EF006C9425 /* Build configuration list for PBXNativeTarget "MentorMatchUITests" */ = {
			isa = XCConfigurationList;
			buildConfigurations = (
				001A670F2B99F0EF006C9425 /* Debug */,
				001A67102B99F0EF006C9425 /* Release */,
			);
			defaultConfigurationIsVisible = 0;
			defaultConfigurationName = Release;
		};
/* End XCConfigurationList section */
	};
	rootObject = 001A66DC2B99F0EE006C9425 /* Project object */;
}
